{
  "name": "corgea-tast",
  "version": "1.0.0",
  "lockfileVersion": 1,
  "requires": true,
  "dependencies": {
    "node-addon-api": {
      "version": "8.0.0",
      "resolved": "https://registry.npmjs.org/node-addon-api/-/node-addon-api-8.0.0.tgz",
      "integrity": "sha512-ipO7rsHEBqa9STO5C5T10fj732ml+5kLN1cAG8/jdHd56ldQeGj3Q7+scUS+VHK/qy1zLEwC4wMK5+yM0btPvw=="
    },
    "node-gyp-build": {
      "version": "4.8.1",
      "resolved": "https://registry.npmjs.org/node-gyp-build/-/node-gyp-build-4.8.1.tgz",
      "integrity": "sha512-OSs33Z9yWr148JZcbZd5WiAXhh/n9z8TxQcdMhIOlpN9AhWpLfvVFO73+m77bBABQMaY9XSvIa+qk0jlI7Gcaw=="
    },
    "prettier": {
      "version": "3.2.5",
      "resolved": "https://registry.npmjs.org/prettier/-/prettier-3.2.5.tgz",
      "integrity": "sha512-3/GWa9aOC0YeD7LUfvOG2NiDyhOWRvt1k+rcKhOuYnMY24iiCphgneUfJDyFXd6rZCAnuLBv6UeAULtrhT/F4A==",
      "dev": true
    },
    "tree-sitter": {
      "version": "0.21.1",
      "resolved": "https://registry.npmjs.org/tree-sitter/-/tree-sitter-0.21.1.tgz",
      "integrity": "sha512-7dxoA6kYvtgWw80265MyqJlkRl4yawIjO7S5MigytjELkX43fV2WsAXzsNfO7sBpPPCF5Gp0+XzHk0DwLCq3xQ==",
      "requires": {
        "node-addon-api": "^8.0.0",
        "node-gyp-build": "^4.8.0"
      }
    },
    "tree-sitter-go": {
      "version": "0.21.0",
      "resolved": "https://registry.npmjs.org/tree-sitter-go/-/tree-sitter-go-0.21.0.tgz",
      "integrity": "sha512-i8Y7GVNg/F4GNCVkQBqbCt9fLGiXaMXjZkDoDWrm/pNOpVxLb+QX0ue8E2RlXoG8otHz5LruDBz5qou5iNjdBw==",
      "requires": {
        "node-addon-api": "^8.0.0",
        "node-gyp-build": "^4.8.0"
      }
    },
    "tree-sitter-javascript": {
      "version": "0.21.2",
      "resolved": "https://registry.npmjs.org/tree-sitter-javascript/-/tree-sitter-javascript-0.21.2.tgz",
      "integrity": "sha512-048eZTByvBaYo9cKM1dixlRqJjFug0ukt8+H07+JGxrlqCzzR8BpOieYHWHRwqvnt3TTzLLWWuT5kn5UwJ55wg==",
      "requires": {
        "node-addon-api": "^8.0.0",
        "node-gyp-build": "^4.8.1"
      }
    },
    "tree-sitter-python": {
      "version": "0.21.0",
      "resolved": "https://registry.npmjs.org/tree-sitter-python/-/tree-sitter-python-0.21.0.tgz",
      "integrity": "sha512-IUKx7JcTVbByUx1iHGFS/QsIjx7pqwTMHL9bl/NGyhyyydbfNrpruo2C7W6V4KZrbkkCOlX8QVrCoGOFW5qecg==",
      "requires": {
        "node-addon-api": "^7.1.0",
        "node-gyp-build": "^4.8.0"
      },
      "dependencies": {
        "node-addon-api": {
          "version": "7.1.0",
          "resolved": "https://registry.npmjs.org/node-addon-api/-/node-addon-api-7.1.0.tgz",
          "integrity": "sha512-mNcltoe1R8o7STTegSOHdnJNN7s5EUvhoS7ShnTHDyOSd+8H+UdWODq6qSv67PjC8Zc5JRT8+oLAMCr0SIXw7g=="
        }
      }
    },
    "tree-sitter-typescript": {
      "version": "0.21.1",
      "resolved": "https://registry.npmjs.org/tree-sitter-typescript/-/tree-sitter-typescript-0.21.1.tgz",
      "integrity": "sha512-emQMXz1CpVSkMUq1NEMrbJkUUdKyGrnIl++Mt4LjEeq7ttpOdotb4a2A6zSMs39ppVebFhpTlbSrAMDSEWEEjw==",
      "requires": {
        "node-addon-api": "^8.0.0",
        "node-gyp-build": "^4.8.1"
      }
    }
  }
}
